
Microsoft Visual Studio Solution File, Format Version 12.00
# Visual Studio 14
VisualStudioVersion = 14.0.25420.1
MinimumVisualStudioVersion = 10.0.40219.1
Project("{8BC9CEB8-8B4A-11D0-8D11-00A0C91BC942}") = "MySqlManager", "mysqlmanager\MySqlManager.vcxproj", "{426F662D-ECD2-4390-8878-E7F5AB07D745}"
EndProject
Project("{8BC9CEB8-8B4A-11D0-8D11-00A0C91BC942}") = "bdb", "bdb\bdb.vcxproj", "{F66BBEA4-6620-4C1F-8554-27430173A33A}"
EndProject
Project("{8BC9CEB8-8B4A-11D0-8D11-00A0C91BC942}") = "dbug", "dbug\dbug.vcxproj", "{650D0467-A6C4-49BC-B70C-0B88CAD7018B}"
EndProject
Project("{8BC9CEB8-8B4A-11D0-8D11-00A0C91BC942}") = "heap", "heap\heap.vcxproj", "{1C5936CE-B381-4534-B112-A2FE1F304AC1}"
EndProject
Project("{8BC9CEB8-8B4A-11D0-8D11-00A0C91BC942}") = "innobase", "innobase\innobase.vcxproj", "{D667944E-FFA2-4EC1-B14D-B129F6FAA4F3}"
EndProject
Project("{8BC9CEB8-8B4A-11D0-8D11-00A0C91BC942}") = "isam", "isam\isam.vcxproj", "{237FBE15-A21A-47B7-A814-7B8AC0CF0738}"
EndProject
Project("{8BC9CEB8-8B4A-11D0-8D11-00A0C91BC942}") = "isamchk", "isamchk\isamchk.vcxproj", "{BE504261-85D4-4077-9386-F1018BC42DBC}"
EndProject
Project("{8BC9CEB8-8B4A-11D0-8D11-00A0C91BC942}") = "libmySQL", "libmysql\libmySQL.vcxproj", "{67C3C8D8-BEFB-4184-B059-A88FB13B6498}"
EndProject
Project("{8BC9CEB8-8B4A-11D0-8D11-00A0C91BC942}") = "merge", "merge\merge.vcxproj", "{9E4A123A-4AB9-4EA2-90D4-08DCE45625E0}"
EndProject
Project("{8BC9CEB8-8B4A-11D0-8D11-00A0C91BC942}") = "myTest", "libmysqltest\myTest.vcxproj", "{DC555526-33B5-481D-952A-8E633EF6A89E}"
EndProject
Project("{8BC9CEB8-8B4A-11D0-8D11-00A0C91BC942}") = "myisam", "myisam\myisam.vcxproj", "{CDCBFAE1-472D-467B-83E5-6E67175A1D95}"
EndProject
Project("{8BC9CEB8-8B4A-11D0-8D11-00A0C91BC942}") = "myisamchk", "myisamchk\myisamchk.vcxproj", "{52B88CBC-006C-4929-B26A-35228900A5F1}"
EndProject
Project("{8BC9CEB8-8B4A-11D0-8D11-00A0C91BC942}") = "myisamlog", "myisamlog\myisamlog.vcxproj", "{A4121973-FD00-440F-ACD4-B721A57F7AF7}"
EndProject
Project("{8BC9CEB8-8B4A-11D0-8D11-00A0C91BC942}") = "myisammrg", "myisammrg\myisammrg.vcxproj", "{CAABB7D2-1D72-4C9C-BA40-B8AB9235DF33}"
EndProject
Project("{8BC9CEB8-8B4A-11D0-8D11-00A0C91BC942}") = "myisampack", "myisampack\myisampack.vcxproj", "{6DC69014-ABAC-4537-B91E-CA81CBA42A33}"
EndProject
Project("{8BC9CEB8-8B4A-11D0-8D11-00A0C91BC942}") = "mysql", "client\mysql.vcxproj", "{ED7EC3B4-41ED-44E0-BED7-FC54F66BE0B7}"
EndProject
Project("{8BC9CEB8-8B4A-11D0-8D11-00A0C91BC942}") = "mysqladmin", "client\mysqladmin.vcxproj", "{0A60F9A1-17A3-4667-9975-079850D3E38B}"
EndProject
Project("{8BC9CEB8-8B4A-11D0-8D11-00A0C91BC942}") = "mysqlbinlog", "mysqlbinlog\mysqlbinlog.vcxproj", "{1BD9102B-3A5D-4C91-95D3-33D8081B2925}"
EndProject
Project("{8BC9CEB8-8B4A-11D0-8D11-00A0C91BC942}") = "mysqlcheck", "client\mysqlcheck.vcxproj", "{9E856AAD-F3BC-4CCB-87FF-5E9264608648}"
EndProject
Project("{8BC9CEB8-8B4A-11D0-8D11-00A0C91BC942}") = "mysqlclient", "client\mysqlclient.vcxproj", "{95101ECC-1885-40AC-864D-04780DD21405}"
EndProject
Project("{8BC9CEB8-8B4A-11D0-8D11-00A0C91BC942}") = "mysqld", "sql\mysqld.vcxproj", "{BBF12E2E-5CF4-4C5B-AE06-C30009204ADA}"
EndProject
Project("{8BC9CEB8-8B4A-11D0-8D11-00A0C91BC942}") = "mysqldump", "client\mysqldump.vcxproj", "{6F14B192-2674-4C92-91D7-2787723B5FAE}"
EndProject
Project("{8BC9CEB8-8B4A-11D0-8D11-00A0C91BC942}") = "mysqlimport", "client\mysqlimport.vcxproj", "{55D1F314-D22F-4B06-B417-4F0B162AD7EC}"
EndProject
Project("{8BC9CEB8-8B4A-11D0-8D11-00A0C91BC942}") = "mysqlshow", "client\mysqlshow.vcxproj", "{31D22068-0715-4E22-A820-FD3EE86A4653}"
EndProject
Project("{8BC9CEB8-8B4A-11D0-8D11-00A0C91BC942}") = "mysqlshutdown", "mysqlshutdown\mysqlshutdown.vcxproj", "{01D039D4-4F83-4E5F-8203-9505343E248E}"
EndProject
Project("{8BC9CEB8-8B4A-11D0-8D11-00A0C91BC942}") = "mysqlwatch", "mysqlwatch\mysqlwatch.vcxproj", "{E55F8192-16A3-4B13-A2B9-667261B9AA3E}"
EndProject
Project("{8BC9CEB8-8B4A-11D0-8D11-00A0C91BC942}") = "mysys", "mysys\mysys.vcxproj", "{C722BD08-F959-438D-8036-4EE6EB41DED8}"
EndProject
Project("{8BC9CEB8-8B4A-11D0-8D11-00A0C91BC942}") = "pack_isam", "pack_isam\pack_isam.vcxproj", "{11CEC4B6-7820-4570-A49C-D091DDC72B89}"
EndProject
Project("{8BC9CEB8-8B4A-11D0-8D11-00A0C91BC942}") = "perror", "perror\perror.vcxproj", "{B53EB790-7468-4ACF-97EC-7C59BA1A0EDA}"
EndProject
Project("{8BC9CEB8-8B4A-11D0-8D11-00A0C91BC942}") = "regex", "regex\regex.vcxproj", "{C5E8FB2A-7F21-4978-8E61-8DF9FF53DD95}"
EndProject
Project("{8BC9CEB8-8B4A-11D0-8D11-00A0C91BC942}") = "replace", "replace\replace.vcxproj", "{FE656696-789F-4C74-8B3B-D64596123FCE}"
EndProject
Project("{8BC9CEB8-8B4A-11D0-8D11-00A0C91BC942}") = "strings", "strings\strings.vcxproj", "{25B27CF4-9DF3-4102-B34D-A3FEAC7C23BD}"
EndProject
Project("{8BC9CEB8-8B4A-11D0-8D11-00A0C91BC942}") = "thr_test", "thr_test\thr_test.vcxproj", "{50B182EC-BA2B-482A-966D-6B14FE26BA7F}"
EndProject
Project("{8BC9CEB8-8B4A-11D0-8D11-00A0C91BC942}") = "zlib", "zlib\zlib.vcxproj", "{4DEF7706-D3FC-4600-AD9A-D143B1E8A266}"
EndProject
Global
	GlobalSection(SolutionConfigurationPlatforms) = preSolution
		Debug|x86 = Debug|x86
		Max nt|x86 = Max nt|x86
		Max|x86 = Max|x86
		nt|x86 = nt|x86
		Release|x86 = Release|x86
		Template|x86 = Template|x86
	EndGlobalSection
	GlobalSection(ProjectConfigurationPlatforms) = postSolution
		{426F662D-ECD2-4390-8878-E7F5AB07D745}.Debug|x86.ActiveCfg = Debug|Win32
		{426F662D-ECD2-4390-8878-E7F5AB07D745}.Debug|x86.Build.0 = Debug|Win32
		{426F662D-ECD2-4390-8878-E7F5AB07D745}.Max nt|x86.ActiveCfg = Release|Win32
		{426F662D-ECD2-4390-8878-E7F5AB07D745}.Max nt|x86.Build.0 = Release|Win32
		{426F662D-ECD2-4390-8878-E7F5AB07D745}.Max|x86.ActiveCfg = Release|Win32
		{426F662D-ECD2-4390-8878-E7F5AB07D745}.Max|x86.Build.0 = Release|Win32
		{426F662D-ECD2-4390-8878-E7F5AB07D745}.nt|x86.ActiveCfg = Release|Win32
		{426F662D-ECD2-4390-8878-E7F5AB07D745}.nt|x86.Build.0 = Release|Win32
		{426F662D-ECD2-4390-8878-E7F5AB07D745}.Release|x86.ActiveCfg = Release|Win32
		{426F662D-ECD2-4390-8878-E7F5AB07D745}.Release|x86.Build.0 = Release|Win32
		{426F662D-ECD2-4390-8878-E7F5AB07D745}.Template|x86.ActiveCfg = Release|Win32
		{426F662D-ECD2-4390-8878-E7F5AB07D745}.Template|x86.Build.0 = Release|Win32
		{F66BBEA4-6620-4C1F-8554-27430173A33A}.Debug|x86.ActiveCfg = Debug|Win32
		{F66BBEA4-6620-4C1F-8554-27430173A33A}.Debug|x86.Build.0 = Debug|Win32
		{F66BBEA4-6620-4C1F-8554-27430173A33A}.Max nt|x86.ActiveCfg = Max|Win32
		{F66BBEA4-6620-4C1F-8554-27430173A33A}.Max nt|x86.Build.0 = Max|Win32
		{F66BBEA4-6620-4C1F-8554-27430173A33A}.Max|x86.ActiveCfg = Max|Win32
		{F66BBEA4-6620-4C1F-8554-27430173A33A}.Max|x86.Build.0 = Max|Win32
		{F66BBEA4-6620-4C1F-8554-27430173A33A}.nt|x86.ActiveCfg = Template|Win32
		{F66BBEA4-6620-4C1F-8554-27430173A33A}.nt|x86.Build.0 = Template|Win32
		{F66BBEA4-6620-4C1F-8554-27430173A33A}.Release|x86.ActiveCfg = Template|Win32
		{F66BBEA4-6620-4C1F-8554-27430173A33A}.Release|x86.Build.0 = Template|Win32
		{F66BBEA4-6620-4C1F-8554-27430173A33A}.Template|x86.ActiveCfg = Template|Win32
		{F66BBEA4-6620-4C1F-8554-27430173A33A}.Template|x86.Build.0 = Template|Win32
		{650D0467-A6C4-49BC-B70C-0B88CAD7018B}.Debug|x86.ActiveCfg = Debug|Win32
		{650D0467-A6C4-49BC-B70C-0B88CAD7018B}.Debug|x86.Build.0 = Debug|Win32
		{650D0467-A6C4-49BC-B70C-0B88CAD7018B}.Max nt|x86.ActiveCfg = Template|Win32
		{650D0467-A6C4-49BC-B70C-0B88CAD7018B}.Max nt|x86.Build.0 = Template|Win32
		{650D0467-A6C4-49BC-B70C-0B88CAD7018B}.Max|x86.ActiveCfg = Template|Win32
		{650D0467-A6C4-49BC-B70C-0B88CAD7018B}.Max|x86.Build.0 = Template|Win32
		{650D0467-A6C4-49BC-B70C-0B88CAD7018B}.nt|x86.ActiveCfg = Template|Win32
		{650D0467-A6C4-49BC-B70C-0B88CAD7018B}.nt|x86.Build.0 = Template|Win32
		{650D0467-A6C4-49BC-B70C-0B88CAD7018B}.Release|x86.ActiveCfg = Release|Win32
		{650D0467-A6C4-49BC-B70C-0B88CAD7018B}.Release|x86.Build.0 = Release|Win32
		{650D0467-A6C4-49BC-B70C-0B88CAD7018B}.Template|x86.ActiveCfg = Template|Win32
		{650D0467-A6C4-49BC-B70C-0B88CAD7018B}.Template|x86.Build.0 = Template|Win32
		{1C5936CE-B381-4534-B112-A2FE1F304AC1}.Debug|x86.ActiveCfg = Debug|Win32
		{1C5936CE-B381-4534-B112-A2FE1F304AC1}.Debug|x86.Build.0 = Debug|Win32
		{1C5936CE-B381-4534-B112-A2FE1F304AC1}.Max nt|x86.ActiveCfg = Template|Win32
		{1C5936CE-B381-4534-B112-A2FE1F304AC1}.Max nt|x86.Build.0 = Template|Win32
		{1C5936CE-B381-4534-B112-A2FE1F304AC1}.Max|x86.ActiveCfg = Template|Win32
		{1C5936CE-B381-4534-B112-A2FE1F304AC1}.Max|x86.Build.0 = Template|Win32
		{1C5936CE-B381-4534-B112-A2FE1F304AC1}.nt|x86.ActiveCfg = Template|Win32
		{1C5936CE-B381-4534-B112-A2FE1F304AC1}.nt|x86.Build.0 = Template|Win32
		{1C5936CE-B381-4534-B112-A2FE1F304AC1}.Release|x86.ActiveCfg = Release|Win32
		{1C5936CE-B381-4534-B112-A2FE1F304AC1}.Release|x86.Build.0 = Release|Win32
		{1C5936CE-B381-4534-B112-A2FE1F304AC1}.Template|x86.ActiveCfg = Template|Win32
		{1C5936CE-B381-4534-B112-A2FE1F304AC1}.Template|x86.Build.0 = Template|Win32
		{D667944E-FFA2-4EC1-B14D-B129F6FAA4F3}.Debug|x86.ActiveCfg = Debug|Win32
		{D667944E-FFA2-4EC1-B14D-B129F6FAA4F3}.Debug|x86.Build.0 = Debug|Win32
		{D667944E-FFA2-4EC1-B14D-B129F6FAA4F3}.Max nt|x86.ActiveCfg = Max nt|Win32
		{D667944E-FFA2-4EC1-B14D-B129F6FAA4F3}.Max nt|x86.Build.0 = Max nt|Win32
		{D667944E-FFA2-4EC1-B14D-B129F6FAA4F3}.Max|x86.ActiveCfg = Max|Win32
		{D667944E-FFA2-4EC1-B14D-B129F6FAA4F3}.Max|x86.Build.0 = Max|Win32
		{D667944E-FFA2-4EC1-B14D-B129F6FAA4F3}.nt|x86.ActiveCfg = Max nt|Win32
		{D667944E-FFA2-4EC1-B14D-B129F6FAA4F3}.nt|x86.Build.0 = Max nt|Win32
		{D667944E-FFA2-4EC1-B14D-B129F6FAA4F3}.Release|x86.ActiveCfg = Template|Win32
		{D667944E-FFA2-4EC1-B14D-B129F6FAA4F3}.Release|x86.Build.0 = Template|Win32
		{D667944E-FFA2-4EC1-B14D-B129F6FAA4F3}.Template|x86.ActiveCfg = Template|Win32
		{D667944E-FFA2-4EC1-B14D-B129F6FAA4F3}.Template|x86.Build.0 = Template|Win32
		{237FBE15-A21A-47B7-A814-7B8AC0CF0738}.Debug|x86.ActiveCfg = Debug|Win32
		{237FBE15-A21A-47B7-A814-7B8AC0CF0738}.Debug|x86.Build.0 = Debug|Win32
		{237FBE15-A21A-47B7-A814-7B8AC0CF0738}.Max nt|x86.ActiveCfg = Template|Win32
		{237FBE15-A21A-47B7-A814-7B8AC0CF0738}.Max nt|x86.Build.0 = Template|Win32
		{237FBE15-A21A-47B7-A814-7B8AC0CF0738}.Max|x86.ActiveCfg = Template|Win32
		{237FBE15-A21A-47B7-A814-7B8AC0CF0738}.Max|x86.Build.0 = Template|Win32
		{237FBE15-A21A-47B7-A814-7B8AC0CF0738}.nt|x86.ActiveCfg = Template|Win32
		{237FBE15-A21A-47B7-A814-7B8AC0CF0738}.nt|x86.Build.0 = Template|Win32
		{237FBE15-A21A-47B7-A814-7B8AC0CF0738}.Release|x86.ActiveCfg = Release|Win32
		{237FBE15-A21A-47B7-A814-7B8AC0CF0738}.Release|x86.Build.0 = Release|Win32
		{237FBE15-A21A-47B7-A814-7B8AC0CF0738}.Template|x86.ActiveCfg = Template|Win32
		{237FBE15-A21A-47B7-A814-7B8AC0CF0738}.Template|x86.Build.0 = Template|Win32
		{BE504261-85D4-4077-9386-F1018BC42DBC}.Debug|x86.ActiveCfg = Debug|Win32
		{BE504261-85D4-4077-9386-F1018BC42DBC}.Debug|x86.Build.0 = Debug|Win32
		{BE504261-85D4-4077-9386-F1018BC42DBC}.Max nt|x86.ActiveCfg = Template|Win32
		{BE504261-85D4-4077-9386-F1018BC42DBC}.Max nt|x86.Build.0 = Template|Win32
		{BE504261-85D4-4077-9386-F1018BC42DBC}.Max|x86.ActiveCfg = Template|Win32
		{BE504261-85D4-4077-9386-F1018BC42DBC}.Max|x86.Build.0 = Template|Win32
		{BE504261-85D4-4077-9386-F1018BC42DBC}.nt|x86.ActiveCfg = Template|Win32
		{BE504261-85D4-4077-9386-F1018BC42DBC}.nt|x86.Build.0 = Template|Win32
		{BE504261-85D4-4077-9386-F1018BC42DBC}.Release|x86.ActiveCfg = Release|Win32
		{BE504261-85D4-4077-9386-F1018BC42DBC}.Release|x86.Build.0 = Release|Win32
		{BE504261-85D4-4077-9386-F1018BC42DBC}.Template|x86.ActiveCfg = Template|Win32
		{BE504261-85D4-4077-9386-F1018BC42DBC}.Template|x86.Build.0 = Template|Win32
		{67C3C8D8-BEFB-4184-B059-A88FB13B6498}.Debug|x86.ActiveCfg = Debug|Win32
		{67C3C8D8-BEFB-4184-B059-A88FB13B6498}.Debug|x86.Build.0 = Debug|Win32
		{67C3C8D8-BEFB-4184-B059-A88FB13B6498}.Max nt|x86.ActiveCfg = Template|Win32
		{67C3C8D8-BEFB-4184-B059-A88FB13B6498}.Max nt|x86.Build.0 = Template|Win32
		{67C3C8D8-BEFB-4184-B059-A88FB13B6498}.Max|x86.ActiveCfg = Template|Win32
		{67C3C8D8-BEFB-4184-B059-A88FB13B6498}.Max|x86.Build.0 = Template|Win32
		{67C3C8D8-BEFB-4184-B059-A88FB13B6498}.nt|x86.ActiveCfg = Template|Win32
		{67C3C8D8-BEFB-4184-B059-A88FB13B6498}.nt|x86.Build.0 = Template|Win32
		{67C3C8D8-BEFB-4184-B059-A88FB13B6498}.Release|x86.ActiveCfg = Release|Win32
		{67C3C8D8-BEFB-4184-B059-A88FB13B6498}.Release|x86.Build.0 = Release|Win32
		{67C3C8D8-BEFB-4184-B059-A88FB13B6498}.Template|x86.ActiveCfg = Template|Win32
		{67C3C8D8-BEFB-4184-B059-A88FB13B6498}.Template|x86.Build.0 = Template|Win32
		{9E4A123A-4AB9-4EA2-90D4-08DCE45625E0}.Debug|x86.ActiveCfg = Debug|Win32
		{9E4A123A-4AB9-4EA2-90D4-08DCE45625E0}.Debug|x86.Build.0 = Debug|Win32
		{9E4A123A-4AB9-4EA2-90D4-08DCE45625E0}.Max nt|x86.ActiveCfg = Template|Win32
		{9E4A123A-4AB9-4EA2-90D4-08DCE45625E0}.Max nt|x86.Build.0 = Template|Win32
		{9E4A123A-4AB9-4EA2-90D4-08DCE45625E0}.Max|x86.ActiveCfg = Template|Win32
		{9E4A123A-4AB9-4EA2-90D4-08DCE45625E0}.Max|x86.Build.0 = Template|Win32
		{9E4A123A-4AB9-4EA2-90D4-08DCE45625E0}.nt|x86.ActiveCfg = Template|Win32
		{9E4A123A-4AB9-4EA2-90D4-08DCE45625E0}.nt|x86.Build.0 = Template|Win32
		{9E4A123A-4AB9-4EA2-90D4-08DCE45625E0}.Release|x86.ActiveCfg = Release|Win32
		{9E4A123A-4AB9-4EA2-90D4-08DCE45625E0}.Release|x86.Build.0 = Release|Win32
		{9E4A123A-4AB9-4EA2-90D4-08DCE45625E0}.Template|x86.ActiveCfg = Template|Win32
		{9E4A123A-4AB9-4EA2-90D4-08DCE45625E0}.Template|x86.Build.0 = Template|Win32
		{DC555526-33B5-481D-952A-8E633EF6A89E}.Debug|x86.ActiveCfg = Debug|Win32
		{DC555526-33B5-481D-952A-8E633EF6A89E}.Debug|x86.Build.0 = Debug|Win32
		{DC555526-33B5-481D-952A-8E633EF6A89E}.Max nt|x86.ActiveCfg = Template|Win32
		{DC555526-33B5-481D-952A-8E633EF6A89E}.Max nt|x86.Build.0 = Template|Win32
		{DC555526-33B5-481D-952A-8E633EF6A89E}.Max|x86.ActiveCfg = Template|Win32
		{DC555526-33B5-481D-952A-8E633EF6A89E}.Max|x86.Build.0 = Template|Win32
		{DC555526-33B5-481D-952A-8E633EF6A89E}.nt|x86.ActiveCfg = Template|Win32
		{DC555526-33B5-481D-952A-8E633EF6A89E}.nt|x86.Build.0 = Template|Win32
		{DC555526-33B5-481D-952A-8E633EF6A89E}.Release|x86.ActiveCfg = Release|Win32
		{DC555526-33B5-481D-952A-8E633EF6A89E}.Release|x86.Build.0 = Release|Win32
		{DC555526-33B5-481D-952A-8E633EF6A89E}.Template|x86.ActiveCfg = Template|Win32
		{DC555526-33B5-481D-952A-8E633EF6A89E}.Template|x86.Build.0 = Template|Win32
		{CDCBFAE1-472D-467B-83E5-6E67175A1D95}.Debug|x86.ActiveCfg = Debug|Win32
		{CDCBFAE1-472D-467B-83E5-6E67175A1D95}.Debug|x86.Build.0 = Debug|Win32
		{CDCBFAE1-472D-467B-83E5-6E67175A1D95}.Max nt|x86.ActiveCfg = Template|Win32
		{CDCBFAE1-472D-467B-83E5-6E67175A1D95}.Max nt|x86.Build.0 = Template|Win32
		{CDCBFAE1-472D-467B-83E5-6E67175A1D95}.Max|x86.ActiveCfg = Template|Win32
		{CDCBFAE1-472D-467B-83E5-6E67175A1D95}.Max|x86.Build.0 = Template|Win32
		{CDCBFAE1-472D-467B-83E5-6E67175A1D95}.nt|x86.ActiveCfg = Template|Win32
		{CDCBFAE1-472D-467B-83E5-6E67175A1D95}.nt|x86.Build.0 = Template|Win32
		{CDCBFAE1-472D-467B-83E5-6E67175A1D95}.Release|x86.ActiveCfg = Release|Win32
		{CDCBFAE1-472D-467B-83E5-6E67175A1D95}.Release|x86.Build.0 = Release|Win32
		{CDCBFAE1-472D-467B-83E5-6E67175A1D95}.Template|x86.ActiveCfg = Template|Win32
		{CDCBFAE1-472D-467B-83E5-6E67175A1D95}.Template|x86.Build.0 = Template|Win32
		{52B88CBC-006C-4929-B26A-35228900A5F1}.Debug|x86.ActiveCfg = Debug|Win32
		{52B88CBC-006C-4929-B26A-35228900A5F1}.Debug|x86.Build.0 = Debug|Win32
		{52B88CBC-006C-4929-B26A-35228900A5F1}.Max nt|x86.ActiveCfg = Template|Win32
		{52B88CBC-006C-4929-B26A-35228900A5F1}.Max nt|x86.Build.0 = Template|Win32
		{52B88CBC-006C-4929-B26A-35228900A5F1}.Max|x86.ActiveCfg = Template|Win32
		{52B88CBC-006C-4929-B26A-35228900A5F1}.Max|x86.Build.0 = Template|Win32
		{52B88CBC-006C-4929-B26A-35228900A5F1}.nt|x86.ActiveCfg = Template|Win32
		{52B88CBC-006C-4929-B26A-35228900A5F1}.nt|x86.Build.0 = Template|Win32
		{52B88CBC-006C-4929-B26A-35228900A5F1}.Release|x86.ActiveCfg = Release|Win32
		{52B88CBC-006C-4929-B26A-35228900A5F1}.Release|x86.Build.0 = Release|Win32
		{52B88CBC-006C-4929-B26A-35228900A5F1}.Template|x86.ActiveCfg = Template|Win32
		{52B88CBC-006C-4929-B26A-35228900A5F1}.Template|x86.Build.0 = Template|Win32
		{A4121973-FD00-440F-ACD4-B721A57F7AF7}.Debug|x86.ActiveCfg = Debug|Win32
		{A4121973-FD00-440F-ACD4-B721A57F7AF7}.Debug|x86.Build.0 = Debug|Win32
		{A4121973-FD00-440F-ACD4-B721A57F7AF7}.Max nt|x86.ActiveCfg = Template|Win32
		{A4121973-FD00-440F-ACD4-B721A57F7AF7}.Max nt|x86.Build.0 = Template|Win32
		{A4121973-FD00-440F-ACD4-B721A57F7AF7}.Max|x86.ActiveCfg = Template|Win32
		{A4121973-FD00-440F-ACD4-B721A57F7AF7}.Max|x86.Build.0 = Template|Win32
		{A4121973-FD00-440F-ACD4-B721A57F7AF7}.nt|x86.ActiveCfg = Template|Win32
		{A4121973-FD00-440F-ACD4-B721A57F7AF7}.nt|x86.Build.0 = Template|Win32
		{A4121973-FD00-440F-ACD4-B721A57F7AF7}.Release|x86.ActiveCfg = Release|Win32
		{A4121973-FD00-440F-ACD4-B721A57F7AF7}.Release|x86.Build.0 = Release|Win32
		{A4121973-FD00-440F-ACD4-B721A57F7AF7}.Template|x86.ActiveCfg = Template|Win32
		{A4121973-FD00-440F-ACD4-B721A57F7AF7}.Template|x86.Build.0 = Template|Win32
		{CAABB7D2-1D72-4C9C-BA40-B8AB9235DF33}.Debug|x86.ActiveCfg = Debug|Win32
		{CAABB7D2-1D72-4C9C-BA40-B8AB9235DF33}.Debug|x86.Build.0 = Debug|Win32
		{CAABB7D2-1D72-4C9C-BA40-B8AB9235DF33}.Max nt|x86.ActiveCfg = Template|Win32
		{CAABB7D2-1D72-4C9C-BA40-B8AB9235DF33}.Max nt|x86.Build.0 = Template|Win32
		{CAABB7D2-1D72-4C9C-BA40-B8AB9235DF33}.Max|x86.ActiveCfg = Template|Win32
		{CAABB7D2-1D72-4C9C-BA40-B8AB9235DF33}.Max|x86.Build.0 = Template|Win32
		{CAABB7D2-1D72-4C9C-BA40-B8AB9235DF33}.nt|x86.ActiveCfg = Template|Win32
		{CAABB7D2-1D72-4C9C-BA40-B8AB9235DF33}.nt|x86.Build.0 = Template|Win32
		{CAABB7D2-1D72-4C9C-BA40-B8AB9235DF33}.Release|x86.ActiveCfg = Release|Win32
		{CAABB7D2-1D72-4C9C-BA40-B8AB9235DF33}.Release|x86.Build.0 = Release|Win32
		{CAABB7D2-1D72-4C9C-BA40-B8AB9235DF33}.Template|x86.ActiveCfg = Template|Win32
		{CAABB7D2-1D72-4C9C-BA40-B8AB9235DF33}.Template|x86.Build.0 = Template|Win32
		{6DC69014-ABAC-4537-B91E-CA81CBA42A33}.Debug|x86.ActiveCfg = Debug|Win32
		{6DC69014-ABAC-4537-B91E-CA81CBA42A33}.Debug|x86.Build.0 = Debug|Win32
		{6DC69014-ABAC-4537-B91E-CA81CBA42A33}.Max nt|x86.ActiveCfg = Template|Win32
		{6DC69014-ABAC-4537-B91E-CA81CBA42A33}.Max nt|x86.Build.0 = Template|Win32
		{6DC69014-ABAC-4537-B91E-CA81CBA42A33}.Max|x86.ActiveCfg = Template|Win32
		{6DC69014-ABAC-4537-B91E-CA81CBA42A33}.Max|x86.Build.0 = Template|Win32
		{6DC69014-ABAC-4537-B91E-CA81CBA42A33}.nt|x86.ActiveCfg = Template|Win32
		{6DC69014-ABAC-4537-B91E-CA81CBA42A33}.nt|x86.Build.0 = Template|Win32
		{6DC69014-ABAC-4537-B91E-CA81CBA42A33}.Release|x86.ActiveCfg = Release|Win32
		{6DC69014-ABAC-4537-B91E-CA81CBA42A33}.Release|x86.Build.0 = Release|Win32
		{6DC69014-ABAC-4537-B91E-CA81CBA42A33}.Template|x86.ActiveCfg = Template|Win32
		{6DC69014-ABAC-4537-B91E-CA81CBA42A33}.Template|x86.Build.0 = Template|Win32
		{ED7EC3B4-41ED-44E0-BED7-FC54F66BE0B7}.Debug|x86.ActiveCfg = Debug|Win32
		{ED7EC3B4-41ED-44E0-BED7-FC54F66BE0B7}.Debug|x86.Build.0 = Debug|Win32
		{ED7EC3B4-41ED-44E0-BED7-FC54F66BE0B7}.Max nt|x86.ActiveCfg = Template|Win32
		{ED7EC3B4-41ED-44E0-BED7-FC54F66BE0B7}.Max nt|x86.Build.0 = Template|Win32
		{ED7EC3B4-41ED-44E0-BED7-FC54F66BE0B7}.Max|x86.ActiveCfg = Template|Win32
		{ED7EC3B4-41ED-44E0-BED7-FC54F66BE0B7}.Max|x86.Build.0 = Template|Win32
		{ED7EC3B4-41ED-44E0-BED7-FC54F66BE0B7}.nt|x86.ActiveCfg = Template|Win32
		{ED7EC3B4-41ED-44E0-BED7-FC54F66BE0B7}.nt|x86.Build.0 = Template|Win32
		{ED7EC3B4-41ED-44E0-BED7-FC54F66BE0B7}.Release|x86.ActiveCfg = Release|Win32
		{ED7EC3B4-41ED-44E0-BED7-FC54F66BE0B7}.Release|x86.Build.0 = Release|Win32
		{ED7EC3B4-41ED-44E0-BED7-FC54F66BE0B7}.Template|x86.ActiveCfg = Template|Win32
		{ED7EC3B4-41ED-44E0-BED7-FC54F66BE0B7}.Template|x86.Build.0 = Template|Win32
		{0A60F9A1-17A3-4667-9975-079850D3E38B}.Debug|x86.ActiveCfg = Debug|Win32
		{0A60F9A1-17A3-4667-9975-079850D3E38B}.Debug|x86.Build.0 = Debug|Win32
		{0A60F9A1-17A3-4667-9975-079850D3E38B}.Max nt|x86.ActiveCfg = Template|Win32
		{0A60F9A1-17A3-4667-9975-079850D3E38B}.Max nt|x86.Build.0 = Template|Win32
		{0A60F9A1-17A3-4667-9975-079850D3E38B}.Max|x86.ActiveCfg = Template|Win32
		{0A60F9A1-17A3-4667-9975-079850D3E38B}.Max|x86.Build.0 = Template|Win32
		{0A60F9A1-17A3-4667-9975-079850D3E38B}.nt|x86.ActiveCfg = Template|Win32
		{0A60F9A1-17A3-4667-9975-079850D3E38B}.nt|x86.Build.0 = Template|Win32
		{0A60F9A1-17A3-4667-9975-079850D3E38B}.Release|x86.ActiveCfg = Release|Win32
		{0A60F9A1-17A3-4667-9975-079850D3E38B}.Release|x86.Build.0 = Release|Win32
		{0A60F9A1-17A3-4667-9975-079850D3E38B}.Template|x86.ActiveCfg = Template|Win32
		{0A60F9A1-17A3-4667-9975-079850D3E38B}.Template|x86.Build.0 = Template|Win32
		{1BD9102B-3A5D-4C91-95D3-33D8081B2925}.Debug|x86.ActiveCfg = Debug|Win32
		{1BD9102B-3A5D-4C91-95D3-33D8081B2925}.Debug|x86.Build.0 = Debug|Win32
		{1BD9102B-3A5D-4C91-95D3-33D8081B2925}.Max nt|x86.ActiveCfg = Template|Win32
		{1BD9102B-3A5D-4C91-95D3-33D8081B2925}.Max nt|x86.Build.0 = Template|Win32
		{1BD9102B-3A5D-4C91-95D3-33D8081B2925}.Max|x86.ActiveCfg = Template|Win32
		{1BD9102B-3A5D-4C91-95D3-33D8081B2925}.Max|x86.Build.0 = Template|Win32
		{1BD9102B-3A5D-4C91-95D3-33D8081B2925}.nt|x86.ActiveCfg = Template|Win32
		{1BD9102B-3A5D-4C91-95D3-33D8081B2925}.nt|x86.Build.0 = Template|Win32
		{1BD9102B-3A5D-4C91-95D3-33D8081B2925}.Release|x86.ActiveCfg = Release|Win32
		{1BD9102B-3A5D-4C91-95D3-33D8081B2925}.Release|x86.Build.0 = Release|Win32
		{1BD9102B-3A5D-4C91-95D3-33D8081B2925}.Template|x86.ActiveCfg = Template|Win32
		{1BD9102B-3A5D-4C91-95D3-33D8081B2925}.Template|x86.Build.0 = Template|Win32
		{9E856AAD-F3BC-4CCB-87FF-5E9264608648}.Debug|x86.ActiveCfg = Template|Win32
		{9E856AAD-F3BC-4CCB-87FF-5E9264608648}.Debug|x86.Build.0 = Template|Win32
		{9E856AAD-F3BC-4CCB-87FF-5E9264608648}.Max nt|x86.ActiveCfg = Template|Win32
		{9E856AAD-F3BC-4CCB-87FF-5E9264608648}.Max nt|x86.Build.0 = Template|Win32
		{9E856AAD-F3BC-4CCB-87FF-5E9264608648}.Max|x86.ActiveCfg = Template|Win32
		{9E856AAD-F3BC-4CCB-87FF-5E9264608648}.Max|x86.Build.0 = Template|Win32
		{9E856AAD-F3BC-4CCB-87FF-5E9264608648}.nt|x86.ActiveCfg = Template|Win32
		{9E856AAD-F3BC-4CCB-87FF-5E9264608648}.nt|x86.Build.0 = Template|Win32
		{9E856AAD-F3BC-4CCB-87FF-5E9264608648}.Release|x86.ActiveCfg = Release|Win32
		{9E856AAD-F3BC-4CCB-87FF-5E9264608648}.Release|x86.Build.0 = Release|Win32
		{9E856AAD-F3BC-4CCB-87FF-5E9264608648}.Template|x86.ActiveCfg = Template|Win32
		{9E856AAD-F3BC-4CCB-87FF-5E9264608648}.Template|x86.Build.0 = Template|Win32
		{95101ECC-1885-40AC-864D-04780DD21405}.Debug|x86.ActiveCfg = Debug|Win32
		{95101ECC-1885-40AC-864D-04780DD21405}.Debug|x86.Build.0 = Debug|Win32
		{95101ECC-1885-40AC-864D-04780DD21405}.Max nt|x86.ActiveCfg = Template|Win32
		{95101ECC-1885-40AC-864D-04780DD21405}.Max nt|x86.Build.0 = Template|Win32
		{95101ECC-1885-40AC-864D-04780DD21405}.Max|x86.ActiveCfg = Template|Win32
		{95101ECC-1885-40AC-864D-04780DD21405}.Max|x86.Build.0 = Template|Win32
		{95101ECC-1885-40AC-864D-04780DD21405}.nt|x86.ActiveCfg = Template|Win32
		{95101ECC-1885-40AC-864D-04780DD21405}.nt|x86.Build.0 = Template|Win32
		{95101ECC-1885-40AC-864D-04780DD21405}.Release|x86.ActiveCfg = Release|Win32
		{95101ECC-1885-40AC-864D-04780DD21405}.Release|x86.Build.0 = Release|Win32
		{95101ECC-1885-40AC-864D-04780DD21405}.Template|x86.ActiveCfg = Template|Win32
		{95101ECC-1885-40AC-864D-04780DD21405}.Template|x86.Build.0 = Template|Win32
		{BBF12E2E-5CF4-4C5B-AE06-C30009204ADA}.Debug|x86.ActiveCfg = Debug|Win32
		{BBF12E2E-5CF4-4C5B-AE06-C30009204ADA}.Debug|x86.Build.0 = Debug|Win32
		{BBF12E2E-5CF4-4C5B-AE06-C30009204ADA}.Max nt|x86.ActiveCfg = Max nt|Win32
		{BBF12E2E-5CF4-4C5B-AE06-C30009204ADA}.Max nt|x86.Build.0 = Max nt|Win32
		{BBF12E2E-5CF4-4C5B-AE06-C30009204ADA}.Max|x86.ActiveCfg = Max|Win32
		{BBF12E2E-5CF4-4C5B-AE06-C30009204ADA}.Max|x86.Build.0 = Max|Win32
		{BBF12E2E-5CF4-4C5B-AE06-C30009204ADA}.nt|x86.ActiveCfg = nt|Win32
		{BBF12E2E-5CF4-4C5B-AE06-C30009204ADA}.nt|x86.Build.0 = nt|Win32
		{BBF12E2E-5CF4-4C5B-AE06-C30009204ADA}.Release|x86.ActiveCfg = Release|Win32
		{BBF12E2E-5CF4-4C5B-AE06-C30009204ADA}.Release|x86.Build.0 = Release|Win32
		{BBF12E2E-5CF4-4C5B-AE06-C30009204ADA}.Template|x86.ActiveCfg = Template|Win32
		{BBF12E2E-5CF4-4C5B-AE06-C30009204ADA}.Template|x86.Build.0 = Template|Win32
		{6F14B192-2674-4C92-91D7-2787723B5FAE}.Debug|x86.ActiveCfg = Debug|Win32
		{6F14B192-2674-4C92-91D7-2787723B5FAE}.Debug|x86.Build.0 = Debug|Win32
		{6F14B192-2674-4C92-91D7-2787723B5FAE}.Max nt|x86.ActiveCfg = Template|Win32
		{6F14B192-2674-4C92-91D7-2787723B5FAE}.Max nt|x86.Build.0 = Template|Win32
		{6F14B192-2674-4C92-91D7-2787723B5FAE}.Max|x86.ActiveCfg = Template|Win32
		{6F14B192-2674-4C92-91D7-2787723B5FAE}.Max|x86.Build.0 = Template|Win32
		{6F14B192-2674-4C92-91D7-2787723B5FAE}.nt|x86.ActiveCfg = Template|Win32
		{6F14B192-2674-4C92-91D7-2787723B5FAE}.nt|x86.Build.0 = Template|Win32
		{6F14B192-2674-4C92-91D7-2787723B5FAE}.Release|x86.ActiveCfg = Release|Win32
		{6F14B192-2674-4C92-91D7-2787723B5FAE}.Release|x86.Build.0 = Release|Win32
		{6F14B192-2674-4C92-91D7-2787723B5FAE}.Template|x86.ActiveCfg = Template|Win32
		{6F14B192-2674-4C92-91D7-2787723B5FAE}.Template|x86.Build.0 = Template|Win32
		{55D1F314-D22F-4B06-B417-4F0B162AD7EC}.Debug|x86.ActiveCfg = Debug|Win32
		{55D1F314-D22F-4B06-B417-4F0B162AD7EC}.Debug|x86.Build.0 = Debug|Win32
		{55D1F314-D22F-4B06-B417-4F0B162AD7EC}.Max nt|x86.ActiveCfg = Template|Win32
		{55D1F314-D22F-4B06-B417-4F0B162AD7EC}.Max nt|x86.Build.0 = Template|Win32
		{55D1F314-D22F-4B06-B417-4F0B162AD7EC}.Max|x86.ActiveCfg = Template|Win32
		{55D1F314-D22F-4B06-B417-4F0B162AD7EC}.Max|x86.Build.0 = Template|Win32
		{55D1F314-D22F-4B06-B417-4F0B162AD7EC}.nt|x86.ActiveCfg = Template|Win32
		{55D1F314-D22F-4B06-B417-4F0B162AD7EC}.nt|x86.Build.0 = Template|Win32
		{55D1F314-D22F-4B06-B417-4F0B162AD7EC}.Release|x86.ActiveCfg = Release|Win32
		{55D1F314-D22F-4B06-B417-4F0B162AD7EC}.Release|x86.Build.0 = Release|Win32
		{55D1F314-D22F-4B06-B417-4F0B162AD7EC}.Template|x86.ActiveCfg = Template|Win32
		{55D1F314-D22F-4B06-B417-4F0B162AD7EC}.Template|x86.Build.0 = Template|Win32
		{31D22068-0715-4E22-A820-FD3EE86A4653}.Debug|x86.ActiveCfg = Debug|Win32
		{31D22068-0715-4E22-A820-FD3EE86A4653}.Debug|x86.Build.0 = Debug|Win32
		{31D22068-0715-4E22-A820-FD3EE86A4653}.Max nt|x86.ActiveCfg = Template|Win32
		{31D22068-0715-4E22-A820-FD3EE86A4653}.Max nt|x86.Build.0 = Template|Win32
		{31D22068-0715-4E22-A820-FD3EE86A4653}.Max|x86.ActiveCfg = Template|Win32
		{31D22068-0715-4E22-A820-FD3EE86A4653}.Max|x86.Build.0 = Template|Win32
		{31D22068-0715-4E22-A820-FD3EE86A4653}.nt|x86.ActiveCfg = Template|Win32
		{31D22068-0715-4E22-A820-FD3EE86A4653}.nt|x86.Build.0 = Template|Win32
		{31D22068-0715-4E22-A820-FD3EE86A4653}.Release|x86.ActiveCfg = Release|Win32
		{31D22068-0715-4E22-A820-FD3EE86A4653}.Release|x86.Build.0 = Release|Win32
		{31D22068-0715-4E22-A820-FD3EE86A4653}.Template|x86.ActiveCfg = Template|Win32
		{31D22068-0715-4E22-A820-FD3EE86A4653}.Template|x86.Build.0 = Template|Win32
		{01D039D4-4F83-4E5F-8203-9505343E248E}.Debug|x86.ActiveCfg = Debug|Win32
		{01D039D4-4F83-4E5F-8203-9505343E248E}.Debug|x86.Build.0 = Debug|Win32
		{01D039D4-4F83-4E5F-8203-9505343E248E}.Max nt|x86.ActiveCfg = Template|Win32
		{01D039D4-4F83-4E5F-8203-9505343E248E}.Max nt|x86.Build.0 = Template|Win32
		{01D039D4-4F83-4E5F-8203-9505343E248E}.Max|x86.ActiveCfg = Template|Win32
		{01D039D4-4F83-4E5F-8203-9505343E248E}.Max|x86.Build.0 = Template|Win32
		{01D039D4-4F83-4E5F-8203-9505343E248E}.nt|x86.ActiveCfg = Template|Win32
		{01D039D4-4F83-4E5F-8203-9505343E248E}.nt|x86.Build.0 = Template|Win32
		{01D039D4-4F83-4E5F-8203-9505343E248E}.Release|x86.ActiveCfg = Release|Win32
		{01D039D4-4F83-4E5F-8203-9505343E248E}.Release|x86.Build.0 = Release|Win32
		{01D039D4-4F83-4E5F-8203-9505343E248E}.Template|x86.ActiveCfg = Template|Win32
		{01D039D4-4F83-4E5F-8203-9505343E248E}.Template|x86.Build.0 = Template|Win32
		{E55F8192-16A3-4B13-A2B9-667261B9AA3E}.Debug|x86.ActiveCfg = Template|Win32
		{E55F8192-16A3-4B13-A2B9-667261B9AA3E}.Debug|x86.Build.0 = Template|Win32
		{E55F8192-16A3-4B13-A2B9-667261B9AA3E}.Max nt|x86.ActiveCfg = Template|Win32
		{E55F8192-16A3-4B13-A2B9-667261B9AA3E}.Max nt|x86.Build.0 = Template|Win32
		{E55F8192-16A3-4B13-A2B9-667261B9AA3E}.Max|x86.ActiveCfg = Template|Win32
		{E55F8192-16A3-4B13-A2B9-667261B9AA3E}.Max|x86.Build.0 = Template|Win32
		{E55F8192-16A3-4B13-A2B9-667261B9AA3E}.nt|x86.ActiveCfg = Template|Win32
		{E55F8192-16A3-4B13-A2B9-667261B9AA3E}.nt|x86.Build.0 = Template|Win32
		{E55F8192-16A3-4B13-A2B9-667261B9AA3E}.Release|x86.ActiveCfg = Release|Win32
		{E55F8192-16A3-4B13-A2B9-667261B9AA3E}.Release|x86.Build.0 = Release|Win32
		{E55F8192-16A3-4B13-A2B9-667261B9AA3E}.Template|x86.ActiveCfg = Template|Win32
		{E55F8192-16A3-4B13-A2B9-667261B9AA3E}.Template|x86.Build.0 = Template|Win32
		{C722BD08-F959-438D-8036-4EE6EB41DED8}.Debug|x86.ActiveCfg = Debug|Win32
		{C722BD08-F959-438D-8036-4EE6EB41DED8}.Debug|x86.Build.0 = Debug|Win32
		{C722BD08-F959-438D-8036-4EE6EB41DED8}.Max nt|x86.ActiveCfg = Max|Win32
		{C722BD08-F959-438D-8036-4EE6EB41DED8}.Max nt|x86.Build.0 = Max|Win32
		{C722BD08-F959-438D-8036-4EE6EB41DED8}.Max|x86.ActiveCfg = Max|Win32
		{C722BD08-F959-438D-8036-4EE6EB41DED8}.Max|x86.Build.0 = Max|Win32
		{C722BD08-F959-438D-8036-4EE6EB41DED8}.nt|x86.ActiveCfg = Template|Win32
		{C722BD08-F959-438D-8036-4EE6EB41DED8}.nt|x86.Build.0 = Template|Win32
		{C722BD08-F959-438D-8036-4EE6EB41DED8}.Release|x86.ActiveCfg = Release|Win32
		{C722BD08-F959-438D-8036-4EE6EB41DED8}.Release|x86.Build.0 = Release|Win32
		{C722BD08-F959-438D-8036-4EE6EB41DED8}.Template|x86.ActiveCfg = Template|Win32
		{C722BD08-F959-438D-8036-4EE6EB41DED8}.Template|x86.Build.0 = Template|Win32
		{11CEC4B6-7820-4570-A49C-D091DDC72B89}.Debug|x86.ActiveCfg = Debug|Win32
		{11CEC4B6-7820-4570-A49C-D091DDC72B89}.Debug|x86.Build.0 = Debug|Win32
		{11CEC4B6-7820-4570-A49C-D091DDC72B89}.Max nt|x86.ActiveCfg = Template|Win32
		{11CEC4B6-7820-4570-A49C-D091DDC72B89}.Max nt|x86.Build.0 = Template|Win32
		{11CEC4B6-7820-4570-A49C-D091DDC72B89}.Max|x86.ActiveCfg = Template|Win32
		{11CEC4B6-7820-4570-A49C-D091DDC72B89}.Max|x86.Build.0 = Template|Win32
		{11CEC4B6-7820-4570-A49C-D091DDC72B89}.nt|x86.ActiveCfg = Template|Win32
		{11CEC4B6-7820-4570-A49C-D091DDC72B89}.nt|x86.Build.0 = Template|Win32
		{11CEC4B6-7820-4570-A49C-D091DDC72B89}.Release|x86.ActiveCfg = Release|Win32
		{11CEC4B6-7820-4570-A49C-D091DDC72B89}.Release|x86.Build.0 = Release|Win32
		{11CEC4B6-7820-4570-A49C-D091DDC72B89}.Template|x86.ActiveCfg = Template|Win32
		{11CEC4B6-7820-4570-A49C-D091DDC72B89}.Template|x86.Build.0 = Template|Win32
		{B53EB790-7468-4ACF-97EC-7C59BA1A0EDA}.Debug|x86.ActiveCfg = Debug|Win32
		{B53EB790-7468-4ACF-97EC-7C59BA1A0EDA}.Debug|x86.Build.0 = Debug|Win32
		{B53EB790-7468-4ACF-97EC-7C59BA1A0EDA}.Max nt|x86.ActiveCfg = Template|Win32
		{B53EB790-7468-4ACF-97EC-7C59BA1A0EDA}.Max nt|x86.Build.0 = Template|Win32
		{B53EB790-7468-4ACF-97EC-7C59BA1A0EDA}.Max|x86.ActiveCfg = Template|Win32
		{B53EB790-7468-4ACF-97EC-7C59BA1A0EDA}.Max|x86.Build.0 = Template|Win32
		{B53EB790-7468-4ACF-97EC-7C59BA1A0EDA}.nt|x86.ActiveCfg = Template|Win32
		{B53EB790-7468-4ACF-97EC-7C59BA1A0EDA}.nt|x86.Build.0 = Template|Win32
		{B53EB790-7468-4ACF-97EC-7C59BA1A0EDA}.Release|x86.ActiveCfg = Release|Win32
		{B53EB790-7468-4ACF-97EC-7C59BA1A0EDA}.Release|x86.Build.0 = Release|Win32
		{B53EB790-7468-4ACF-97EC-7C59BA1A0EDA}.Template|x86.ActiveCfg = Template|Win32
		{B53EB790-7468-4ACF-97EC-7C59BA1A0EDA}.Template|x86.Build.0 = Template|Win32
		{C5E8FB2A-7F21-4978-8E61-8DF9FF53DD95}.Debug|x86.ActiveCfg = Debug|Win32
		{C5E8FB2A-7F21-4978-8E61-8DF9FF53DD95}.Debug|x86.Build.0 = Debug|Win32
		{C5E8FB2A-7F21-4978-8E61-8DF9FF53DD95}.Max nt|x86.ActiveCfg = Template|Win32
		{C5E8FB2A-7F21-4978-8E61-8DF9FF53DD95}.Max nt|x86.Build.0 = Template|Win32
		{C5E8FB2A-7F21-4978-8E61-8DF9FF53DD95}.Max|x86.ActiveCfg = Template|Win32
		{C5E8FB2A-7F21-4978-8E61-8DF9FF53DD95}.Max|x86.Build.0 = Template|Win32
		{C5E8FB2A-7F21-4978-8E61-8DF9FF53DD95}.nt|x86.ActiveCfg = Template|Win32
		{C5E8FB2A-7F21-4978-8E61-8DF9FF53DD95}.nt|x86.Build.0 = Template|Win32
		{C5E8FB2A-7F21-4978-8E61-8DF9FF53DD95}.Release|x86.ActiveCfg = Release|Win32
		{C5E8FB2A-7F21-4978-8E61-8DF9FF53DD95}.Release|x86.Build.0 = Release|Win32
		{C5E8FB2A-7F21-4978-8E61-8DF9FF53DD95}.Template|x86.ActiveCfg = Template|Win32
		{C5E8FB2A-7F21-4978-8E61-8DF9FF53DD95}.Template|x86.Build.0 = Template|Win32
		{FE656696-789F-4C74-8B3B-D64596123FCE}.Debug|x86.ActiveCfg = Debug|Win32
		{FE656696-789F-4C74-8B3B-D64596123FCE}.Debug|x86.Build.0 = Debug|Win32
		{FE656696-789F-4C74-8B3B-D64596123FCE}.Max nt|x86.ActiveCfg = Template|Win32
		{FE656696-789F-4C74-8B3B-D64596123FCE}.Max nt|x86.Build.0 = Template|Win32
		{FE656696-789F-4C74-8B3B-D64596123FCE}.Max|x86.ActiveCfg = Template|Win32
		{FE656696-789F-4C74-8B3B-D64596123FCE}.Max|x86.Build.0 = Template|Win32
		{FE656696-789F-4C74-8B3B-D64596123FCE}.nt|x86.ActiveCfg = Template|Win32
		{FE656696-789F-4C74-8B3B-D64596123FCE}.nt|x86.Build.0 = Template|Win32
		{FE656696-789F-4C74-8B3B-D64596123FCE}.Release|x86.ActiveCfg = Release|Win32
		{FE656696-789F-4C74-8B3B-D64596123FCE}.Release|x86.Build.0 = Release|Win32
		{FE656696-789F-4C74-8B3B-D64596123FCE}.Template|x86.ActiveCfg = Template|Win32
		{FE656696-789F-4C74-8B3B-D64596123FCE}.Template|x86.Build.0 = Template|Win32
		{25B27CF4-9DF3-4102-B34D-A3FEAC7C23BD}.Debug|x86.ActiveCfg = Debug|Win32
		{25B27CF4-9DF3-4102-B34D-A3FEAC7C23BD}.Debug|x86.Build.0 = Debug|Win32
		{25B27CF4-9DF3-4102-B34D-A3FEAC7C23BD}.Max nt|x86.ActiveCfg = Template|Win32
		{25B27CF4-9DF3-4102-B34D-A3FEAC7C23BD}.Max nt|x86.Build.0 = Template|Win32
		{25B27CF4-9DF3-4102-B34D-A3FEAC7C23BD}.Max|x86.ActiveCfg = Template|Win32
		{25B27CF4-9DF3-4102-B34D-A3FEAC7C23BD}.Max|x86.Build.0 = Template|Win32
		{25B27CF4-9DF3-4102-B34D-A3FEAC7C23BD}.nt|x86.ActiveCfg = Template|Win32
		{25B27CF4-9DF3-4102-B34D-A3FEAC7C23BD}.nt|x86.Build.0 = Template|Win32
		{25B27CF4-9DF3-4102-B34D-A3FEAC7C23BD}.Release|x86.ActiveCfg = Release|Win32
		{25B27CF4-9DF3-4102-B34D-A3FEAC7C23BD}.Release|x86.Build.0 = Release|Win32
		{25B27CF4-9DF3-4102-B34D-A3FEAC7C23BD}.Template|x86.ActiveCfg = Template|Win32
		{25B27CF4-9DF3-4102-B34D-A3FEAC7C23BD}.Template|x86.Build.0 = Template|Win32
		{50B182EC-BA2B-482A-966D-6B14FE26BA7F}.Debug|x86.ActiveCfg = Debug|Win32
		{50B182EC-BA2B-482A-966D-6B14FE26BA7F}.Debug|x86.Build.0 = Debug|Win32
		{50B182EC-BA2B-482A-966D-6B14FE26BA7F}.Max nt|x86.ActiveCfg = Template|Win32
		{50B182EC-BA2B-482A-966D-6B14FE26BA7F}.Max nt|x86.Build.0 = Template|Win32
		{50B182EC-BA2B-482A-966D-6B14FE26BA7F}.Max|x86.ActiveCfg = Template|Win32
		{50B182EC-BA2B-482A-966D-6B14FE26BA7F}.Max|x86.Build.0 = Template|Win32
		{50B182EC-BA2B-482A-966D-6B14FE26BA7F}.nt|x86.ActiveCfg = Template|Win32
		{50B182EC-BA2B-482A-966D-6B14FE26BA7F}.nt|x86.Build.0 = Template|Win32
		{50B182EC-BA2B-482A-966D-6B14FE26BA7F}.Release|x86.ActiveCfg = Release|Win32
		{50B182EC-BA2B-482A-966D-6B14FE26BA7F}.Release|x86.Build.0 = Release|Win32
		{50B182EC-BA2B-482A-966D-6B14FE26BA7F}.Template|x86.ActiveCfg = Template|Win32
		{50B182EC-BA2B-482A-966D-6B14FE26BA7F}.Template|x86.Build.0 = Template|Win32
		{4DEF7706-D3FC-4600-AD9A-D143B1E8A266}.Debug|x86.ActiveCfg = Debug|Win32
		{4DEF7706-D3FC-4600-AD9A-D143B1E8A266}.Debug|x86.Build.0 = Debug|Win32
		{4DEF7706-D3FC-4600-AD9A-D143B1E8A266}.Max nt|x86.ActiveCfg = Template|Win32
		{4DEF7706-D3FC-4600-AD9A-D143B1E8A266}.Max nt|x86.Build.0 = Template|Win32
		{4DEF7706-D3FC-4600-AD9A-D143B1E8A266}.Max|x86.ActiveCfg = Template|Win32
		{4DEF7706-D3FC-4600-AD9A-D143B1E8A266}.Max|x86.Build.0 = Template|Win32
		{4DEF7706-D3FC-4600-AD9A-D143B1E8A266}.nt|x86.ActiveCfg = Template|Win32
		{4DEF7706-D3FC-4600-AD9A-D143B1E8A266}.nt|x86.Build.0 = Template|Win32
		{4DEF7706-D3FC-4600-AD9A-D143B1E8A266}.Release|x86.ActiveCfg = Release|Win32
		{4DEF7706-D3FC-4600-AD9A-D143B1E8A266}.Release|x86.Build.0 = Release|Win32
		{4DEF7706-D3FC-4600-AD9A-D143B1E8A266}.Template|x86.ActiveCfg = Template|Win32
		{4DEF7706-D3FC-4600-AD9A-D143B1E8A266}.Template|x86.Build.0 = Template|Win32
	EndGlobalSection
	GlobalSection(SolutionProperties) = preSolution
		HideSolutionNode = FALSE
	EndGlobalSection
EndGlobal
